// !$*UTF8*$!
{
	archiveVersion = 1;
	classes = {
	};
	objectVersion = 56;
	objects = {

/* Begin PBXBuildFile section */
		460B587B2B8D456F00AE706C /* StatusView.swift in Sources */ = {isa = PBXBuildFile; fileRef = 460B58782B8D456F00AE706C /* StatusView.swift */; };
		460B587C2B8D456F00AE706C /* CompletionParametersView.swift in Sources */ = {isa = PBXBuildFile; fileRef = 460B58792B8D456F00AE706C /* CompletionParametersView.swift */; };
		460B587D2B8D456F00AE706C /* ContentView.swift in Sources */ = {isa = PBXBuildFile; fileRef = 460B587A2B8D456F00AE706C /* ContentView.swift */; };
		46623B092B944E890005B063 /* MLXLLM in Frameworks */ = {isa = PBXBuildFile; productRef = 46623B082B944E890005B063 /* MLXLLM */; };
		468658A12B8D507600FA7EA9 /* CompactSlider in Frameworks */ = {isa = PBXBuildFile; productRef = 468658A02B8D507600FA7EA9 /* CompactSlider */; };
		469CCBFC2B93C08B00E229F7 /* SwiftUIX in Frameworks */ = {isa = PBXBuildFile; productRef = 469CCBFB2B93C08B00E229F7 /* SwiftUIX */; };
		46D9040B2B8D85CA00E47A6D /* ModelsView.swift in Sources */ = {isa = PBXBuildFile; fileRef = 46D9040A2B8D85CA00E47A6D /* ModelsView.swift */; };
		46D9040D2B8D86D000E47A6D /* ConfigurationView.swift in Sources */ = {isa = PBXBuildFile; fileRef = 46D9040C2B8D86D000E47A6D /* ConfigurationView.swift */; };
		46E954C02B8D3C23009F5080 /* App.swift in Sources */ = {isa = PBXBuildFile; fileRef = 46E954BF2B8D3C23009F5080 /* App.swift */; };
		46E954C42B8D3C24009F5080 /* Assets.xcassets in Resources */ = {isa = PBXBuildFile; fileRef = 46E954C32B8D3C24009F5080 /* Assets.xcassets */; };
		FB0BE6E12C6764DD00F931B0 /* SilderStyleConfigurations.swift in Sources */ = {isa = PBXBuildFile; fileRef = FB0BE6E02C6764DD00F931B0 /* SilderStyleConfigurations.swift */; };
/* End PBXBuildFile section */

/* Begin PBXFileReference section */
		460B58782B8D456F00AE706C /* StatusView.swift */ = {isa = PBXFileReference; fileEncoding = 4; lastKnownFileType = sourcecode.swift; path = StatusView.swift; sourceTree = "<group>"; };
		460B58792B8D456F00AE706C /* CompletionParametersView.swift */ = {isa = PBXFileReference; fileEncoding = 4; lastKnownFileType = sourcecode.swift; path = CompletionParametersView.swift; sourceTree = "<group>"; };
		460B587A2B8D456F00AE706C /* ContentView.swift */ = {isa = PBXFileReference; fileEncoding = 4; lastKnownFileType = sourcecode.swift; path = ContentView.swift; sourceTree = "<group>"; };
		46623B062B944E100005B063 /* MLXLLM */ = {isa = PBXFileReference; lastKnownFileType = wrapper; path = MLXLLM; sourceTree = "<group>"; };
		46D9040A2B8D85CA00E47A6D /* ModelsView.swift */ = {isa = PBXFileReference; lastKnownFileType = sourcecode.swift; path = ModelsView.swift; sourceTree = "<group>"; };
		46D9040C2B8D86D000E47A6D /* ConfigurationView.swift */ = {isa = PBXFileReference; lastKnownFileType = sourcecode.swift; path = ConfigurationView.swift; sourceTree = "<group>"; };
		46E954BC2B8D3C23009F5080 /* mlx-swift-chat.app */ = {isa = PBXFileReference; explicitFileType = wrapper.application; includeInIndex = 0; path = "mlx-swift-chat.app"; sourceTree = BUILT_PRODUCTS_DIR; };
		46E954BF2B8D3C23009F5080 /* App.swift */ = {isa = PBXFileReference; lastKnownFileType = sourcecode.swift; path = App.swift; sourceTree = "<group>"; };
		46E954C32B8D3C24009F5080 /* Assets.xcassets */ = {isa = PBXFileReference; lastKnownFileType = folder.assetcatalog; path = Assets.xcassets; sourceTree = "<group>"; };
		46E954C52B8D3C24009F5080 /* App.entitlements */ = {isa = PBXFileReference; lastKnownFileType = text.plist.entitlements; path = App.entitlements; sourceTree = "<group>"; };
		FB0BE6E02C6764DD00F931B0 /* SilderStyleConfigurations.swift */ = {isa = PBXFileReference; lastKnownFileType = sourcecode.swift; path = SilderStyleConfigurations.swift; sourceTree = "<group>"; };
/* End PBXFileReference section */

/* Begin PBXFrameworksBuildPhase section */
		46E954B92B8D3C23009F5080 /* Frameworks */ = {
			isa = PBXFrameworksBuildPhase;
			buildActionMask = 2147483647;
			files = (
				46623B092B944E890005B063 /* MLXLLM in Frameworks */,
				469CCBFC2B93C08B00E229F7 /* SwiftUIX in Frameworks */,
				468658A12B8D507600FA7EA9 /* CompactSlider in Frameworks */,
			);
			runOnlyForDeploymentPostprocessing = 0;
		};
/* End PBXFrameworksBuildPhase section */

/* Begin PBXGroup section */
		460B58772B8D456400AE706C /* UI */ = {
			isa = PBXGroup;
			children = (
				460B58792B8D456F00AE706C /* CompletionParametersView.swift */,
				FB0BE6E02C6764DD00F931B0 /* SilderStyleConfigurations.swift */,
				46D9040C2B8D86D000E47A6D /* ConfigurationView.swift */,
				46D9040A2B8D85CA00E47A6D /* ModelsView.swift */,
				460B58782B8D456F00AE706C /* StatusView.swift */,
			);
			path = UI;
			sourceTree = "<group>";
		};
		46E954B32B8D3C23009F5080 = {
			isa = PBXGroup;
			children = (
				46623B062B944E100005B063 /* MLXLLM */,
				46E954BE2B8D3C23009F5080 /* mlx-swift-chat */,
				46E954BD2B8D3C23009F5080 /* Products */,
			);
			sourceTree = "<group>";
		};
		46E954BD2B8D3C23009F5080 /* Products */ = {
			isa = PBXGroup;
			children = (
				46E954BC2B8D3C23009F5080 /* mlx-swift-chat.app */,
			);
			name = Products;
			sourceTree = "<group>";
		};
		46E954BE2B8D3C23009F5080 /* mlx-swift-chat */ = {
			isa = PBXGroup;
			children = (
				460B58772B8D456400AE706C /* UI */,
				46E954C52B8D3C24009F5080 /* App.entitlements */,
				46E954BF2B8D3C23009F5080 /* App.swift */,
				460B587A2B8D456F00AE706C /* ContentView.swift */,
				46E954C32B8D3C24009F5080 /* Assets.xcassets */,
			);
			path = "mlx-swift-chat";
			sourceTree = "<group>";
		};
/* End PBXGroup section */

/* Begin PBXNativeTarget section */
		46E954BB2B8D3C23009F5080 /* mlx-swift-chat */ = {
			isa = PBXNativeTarget;
			buildConfigurationList = 46E954CB2B8D3C24009F5080 /* Build configuration list for PBXNativeTarget "mlx-swift-chat" */;
			buildPhases = (
				46E954B82B8D3C23009F5080 /* Sources */,
				46E954B92B8D3C23009F5080 /* Frameworks */,
				46E954BA2B8D3C23009F5080 /* Resources */,
			);
			buildRules = (
			);
			dependencies = (
			);
			name = "mlx-swift-chat";
			packageProductDependencies = (
				468658A02B8D507600FA7EA9 /* CompactSlider */,
				469CCBFB2B93C08B00E229F7 /* SwiftUIX */,
				46623B082B944E890005B063 /* MLXLLM */,
			);
			productName = "mlx-swift-chat";
			productReference = 46E954BC2B8D3C23009F5080 /* mlx-swift-chat.app */;
			productType = "com.apple.product-type.application";
		};
/* End PBXNativeTarget section */

/* Begin PBXProject section */
		46E954B42B8D3C23009F5080 /* Project object */ = {
			isa = PBXProject;
			attributes = {
				BuildIndependentTargetsInParallel = 1;
				LastSwiftUpdateCheck = 1520;
				LastUpgradeCheck = 1530;
				TargetAttributes = {
					46E954BB2B8D3C23009F5080 = {
						CreatedOnToolsVersion = 15.2;
					};
				};
			};
			buildConfigurationList = 46E954B72B8D3C23009F5080 /* Build configuration list for PBXProject "mlx-swift-chat" */;
			compatibilityVersion = "Xcode 14.0";
			developmentRegion = en;
			hasScannedForEncodings = 0;
			knownRegions = (
				en,
				Base,
			);
			mainGroup = 46E954B32B8D3C23009F5080;
			packageReferences = (
				46E954CE2B8D3C65009F5080 /* XCRemoteSwiftPackageReference "mlx-swift" */,
				4686589F2B8D507600FA7EA9 /* XCRemoteSwiftPackageReference "CompactSlider" */,
				469CCBFA2B93C08B00E229F7 /* XCRemoteSwiftPackageReference "SwiftUIX" */,
			);
			productRefGroup = 46E954BD2B8D3C23009F5080 /* Products */;
			projectDirPath = "";
			projectRoot = "";
			targets = (
				46E954BB2B8D3C23009F5080 /* mlx-swift-chat */,
			);
		};
/* End PBXProject section */

/* Begin PBXResourcesBuildPhase section */
		46E954BA2B8D3C23009F5080 /* Resources */ = {
			isa = PBXResourcesBuildPhase;
			buildActionMask = 2147483647;
			files = (
				46E954C42B8D3C24009F5080 /* Assets.xcassets in Resources */,
			);
			runOnlyForDeploymentPostprocessing = 0;
		};
/* End PBXResourcesBuildPhase section */

/* Begin PBXSourcesBuildPhase section */
		46E954B82B8D3C23009F5080 /* Sources */ = {
			isa = PBXSourcesBuildPhase;
			buildActionMask = 2147483647;
			files = (
				460B587D2B8D456F00AE706C /* ContentView.swift in Sources */,
				460B587C2B8D456F00AE706C /* CompletionParametersView.swift in Sources */,
				46E954C02B8D3C23009F5080 /* App.swift in Sources */,
				460B587B2B8D456F00AE706C /* StatusView.swift in Sources */,
				FB0BE6E12C6764DD00F931B0 /* SilderStyleConfigurations.swift in Sources */,
				46D9040B2B8D85CA00E47A6D /* ModelsView.swift in Sources */,
				46D9040D2B8D86D000E47A6D /* ConfigurationView.swift in Sources */,
			);
			runOnlyForDeploymentPostprocessing = 0;
		};
/* End PBXSourcesBuildPhase section */

/* Begin XCBuildConfiguration section */
		46E954C92B8D3C24009F5080 /* Debug */ = {
			isa = XCBuildConfiguration;
			buildSettings = {
				ALWAYS_SEARCH_USER_PATHS = NO;
				ASSETCATALOG_COMPILER_GENERATE_SWIFT_ASSET_SYMBOL_EXTENSIONS = YES;
				CLANG_ANALYZER_NONNULL = YES;
				CLANG_ANALYZER_NUMBER_OBJECT_CONVERSION = YES_AGGRESSIVE;
				CLANG_CXX_LANGUAGE_STANDARD = "gnu++20";
				CLANG_ENABLE_MODULES = YES;
				CLANG_ENABLE_OBJC_ARC = YES;
				CLANG_ENABLE_OBJC_WEAK = YES;
				CLANG_WARN_BLOCK_CAPTURE_AUTORELEASING = YES;
				CLANG_WARN_BOOL_CONVERSION = YES;
				CLANG_WARN_COMMA = YES;
				CLANG_WARN_CONSTANT_CONVERSION = YES;
				CLANG_WARN_DEPRECATED_OBJC_IMPLEMENTATIONS = YES;
				CLANG_WARN_DIRECT_OBJC_ISA_USAGE = YES_ERROR;
				CLANG_WARN_DOCUMENTATION_COMMENTS = YES;
				CLANG_WARN_EMPTY_BODY = YES;
				CLANG_WARN_ENUM_CONVERSION = YES;
				CLANG_WARN_INFINITE_RECURSION = YES;
				CLANG_WARN_INT_CONVERSION = YES;
				CLANG_WARN_NON_LITERAL_NULL_CONVERSION = YES;
				CLANG_WARN_OBJC_IMPLICIT_RETAIN_SELF = YES;
				CLANG_WARN_OBJC_LITERAL_CONVERSION = YES;
				CLANG_WARN_OBJC_ROOT_CLASS = YES_ERROR;
				CLANG_WARN_QUOTED_INCLUDE_IN_FRAMEWORK_HEADER = YES;
				CLANG_WARN_RANGE_LOOP_ANALYSIS = YES;
				CLANG_WARN_STRICT_PROTOTYPES = YES;
				CLANG_WARN_SUSPICIOUS_MOVE = YES;
				CLANG_WARN_UNGUARDED_AVAILABILITY = YES_AGGRESSIVE;
				CLANG_WARN_UNREACHABLE_CODE = YES;
				CLANG_WARN__DUPLICATE_METHOD_MATCH = YES;
				COPY_PHASE_STRIP = NO;
				DEAD_CODE_STRIPPING = YES;
				DEBUG_INFORMATION_FORMAT = dwarf;
				ENABLE_STRICT_OBJC_MSGSEND = YES;
				ENABLE_TESTABILITY = YES;
				ENABLE_USER_SCRIPT_SANDBOXING = YES;
				GCC_C_LANGUAGE_STANDARD = gnu17;
				GCC_DYNAMIC_NO_PIC = NO;
				GCC_NO_COMMON_BLOCKS = YES;
				GCC_OPTIMIZATION_LEVEL = fast;
				GCC_PREPROCESSOR_DEFINITIONS = (
					"DEBUG=1",
					"$(inherited)",
				);
				GCC_WARN_64_TO_32_BIT_CONVERSION = YES;
				GCC_WARN_ABOUT_RETURN_TYPE = YES_ERROR;
				GCC_WARN_UNDECLARED_SELECTOR = YES;
				GCC_WARN_UNINITIALIZED_AUTOS = YES_AGGRESSIVE;
				GCC_WARN_UNUSED_FUNCTION = YES;
				GCC_WARN_UNUSED_VARIABLE = YES;
				LOCALIZATION_PREFERS_STRING_CATALOGS = YES;
				MTL_ENABLE_DEBUG_INFO = INCLUDE_SOURCE;
				MTL_FAST_MATH = YES;
				ONLY_ACTIVE_ARCH = YES;
				SWIFT_ACTIVE_COMPILATION_CONDITIONS = "DEBUG $(inherited)";
				SWIFT_OPTIMIZATION_LEVEL = "-O";
			};
			name = Debug;
		};
		46E954CA2B8D3C24009F5080 /* Release */ = {
			isa = XCBuildConfiguration;
			buildSettings = {
				ALWAYS_SEARCH_USER_PATHS = NO;
				ASSETCATALOG_COMPILER_GENERATE_SWIFT_ASSET_SYMBOL_EXTENSIONS = YES;
				CLANG_ANALYZER_NONNULL = YES;
				CLANG_ANALYZER_NUMBER_OBJECT_CONVERSION = YES_AGGRESSIVE;
				CLANG_CXX_LANGUAGE_STANDARD = "gnu++20";
				CLANG_ENABLE_MODULES = YES;
				CLANG_ENABLE_OBJC_ARC = YES;
				CLANG_ENABLE_OBJC_WEAK = YES;
				CLANG_WARN_BLOCK_CAPTURE_AUTORELEASING = YES;
				CLANG_WARN_BOOL_CONVERSION = YES;
				CLANG_WARN_COMMA = YES;
				CLANG_WARN_CONSTANT_CONVERSION = YES;
				CLANG_WARN_DEPRECATED_OBJC_IMPLEMENTATIONS = YES;
				CLANG_WARN_DIRECT_OBJC_ISA_USAGE = YES_ERROR;
				CLANG_WARN_DOCUMENTATION_COMMENTS = YES;
				CLANG_WARN_EMPTY_BODY = YES;
				CLANG_WARN_ENUM_CONVERSION = YES;
				CLANG_WARN_INFINITE_RECURSION = YES;
				CLANG_WARN_INT_CONVERSION = YES;
				CLANG_WARN_NON_LITERAL_NULL_CONVERSION = YES;
				CLANG_WARN_OBJC_IMPLICIT_RETAIN_SELF = YES;
				CLANG_WARN_OBJC_LITERAL_CONVERSION = YES;
				CLANG_WARN_OBJC_ROOT_CLASS = YES_ERROR;
				CLANG_WARN_QUOTED_INCLUDE_IN_FRAMEWORK_HEADER = YES;
				CLANG_WARN_RANGE_LOOP_ANALYSIS = YES;
				CLANG_WARN_STRICT_PROTOTYPES = YES;
				CLANG_WARN_SUSPICIOUS_MOVE = YES;
				CLANG_WARN_UNGUARDED_AVAILABILITY = YES_AGGRESSIVE;
				CLANG_WARN_UNREACHABLE_CODE = YES;
				CLANG_WARN__DUPLICATE_METHOD_MATCH = YES;
				COPY_PHASE_STRIP = NO;
				DEAD_CODE_STRIPPING = YES;
				DEBUG_INFORMATION_FORMAT = "dwarf-with-dsym";
				ENABLE_NS_ASSERTIONS = NO;
				ENABLE_STRICT_OBJC_MSGSEND = YES;
				ENABLE_USER_SCRIPT_SANDBOXING = YES;
				GCC_C_LANGUAGE_STANDARD = gnu17;
				GCC_NO_COMMON_BLOCKS = YES;
				GCC_WARN_64_TO_32_BIT_CONVERSION = YES;
				GCC_WARN_ABOUT_RETURN_TYPE = YES_ERROR;
				GCC_WARN_UNDECLARED_SELECTOR = YES;
				GCC_WARN_UNINITIALIZED_AUTOS = YES_AGGRESSIVE;
				GCC_WARN_UNUSED_FUNCTION = YES;
				GCC_WARN_UNUSED_VARIABLE = YES;
				LOCALIZATION_PREFERS_STRING_CATALOGS = YES;
				MTL_ENABLE_DEBUG_INFO = NO;
				MTL_FAST_MATH = YES;
				SWIFT_COMPILATION_MODE = wholemodule;
			};
			name = Release;
		};
		46E954CC2B8D3C24009F5080 /* Debug */ = {
			isa = XCBuildConfiguration;
			buildSettings = {
				ASSETCATALOG_COMPILER_APPICON_NAME = AppIcon;
				ASSETCATALOG_COMPILER_GLOBAL_ACCENT_COLOR_NAME = AccentColor;
				CODE_SIGN_ENTITLEMENTS = "mlx-swift-chat/App.entitlements";
				CODE_SIGN_STYLE = Automatic;
				CURRENT_PROJECT_VERSION = 1;
				DEAD_CODE_STRIPPING = YES;
				DEVELOPMENT_TEAM = 6PPLU9GFJ6;
				EAGER_LINKING = YES;
				ENABLE_HARDENED_RUNTIME = YES;
				ENABLE_PREVIEWS = YES;
				GCC_OPTIMIZATION_LEVEL = z;
				GENERATE_INFOPLIST_FILE = YES;
				"INFOPLIST_KEY_UIApplicationSceneManifest_Generation[sdk=iphoneos*]" = YES;
				"INFOPLIST_KEY_UIApplicationSceneManifest_Generation[sdk=iphonesimulator*]" = YES;
				"INFOPLIST_KEY_UIApplicationSupportsIndirectInputEvents[sdk=iphoneos*]" = YES;
				"INFOPLIST_KEY_UIApplicationSupportsIndirectInputEvents[sdk=iphonesimulator*]" = YES;
				"INFOPLIST_KEY_UILaunchScreen_Generation[sdk=iphoneos*]" = YES;
				"INFOPLIST_KEY_UILaunchScreen_Generation[sdk=iphonesimulator*]" = YES;
				"INFOPLIST_KEY_UIStatusBarStyle[sdk=iphoneos*]" = UIStatusBarStyleDefault;
				"INFOPLIST_KEY_UIStatusBarStyle[sdk=iphonesimulator*]" = UIStatusBarStyleDefault;
				INFOPLIST_KEY_UISupportedInterfaceOrientations_iPad = "UIInterfaceOrientationPortrait UIInterfaceOrientationPortraitUpsideDown UIInterfaceOrientationLandscapeLeft UIInterfaceOrientationLandscapeRight";
				INFOPLIST_KEY_UISupportedInterfaceOrientations_iPhone = "UIInterfaceOrientationPortrait UIInterfaceOrientationLandscapeLeft UIInterfaceOrientationLandscapeRight";
				IPHONEOS_DEPLOYMENT_TARGET = 17.2;
				LD_RUNPATH_SEARCH_PATHS = "@executable_path/Frameworks";
				"LD_RUNPATH_SEARCH_PATHS[sdk=macosx*]" = "@executable_path/../Frameworks";
				MACOSX_DEPLOYMENT_TARGET = 14.0;
				MARKETING_VERSION = 1.0;
				PRODUCT_BUNDLE_IDENTIFIER = "com.ookamitai.mlx-swift-chat";
				PRODUCT_NAME = "$(TARGET_NAME)";
				SDKROOT = auto;
				SUPPORTED_PLATFORMS = "iphoneos iphonesimulator macosx";
				SWIFT_EMIT_LOC_STRINGS = YES;
				SWIFT_OPTIMIZATION_LEVEL = "-O";
				SWIFT_VERSION = 5.0;
				TARGETED_DEVICE_FAMILY = "1,2";
			};
			name = Debug;
		};
		46E954CD2B8D3C24009F5080 /* Release */ = {
			isa = XCBuildConfiguration;
			buildSettings = {
				ASSETCATALOG_COMPILER_APPICON_NAME = AppIcon;
				ASSETCATALOG_COMPILER_GLOBAL_ACCENT_COLOR_NAME = AccentColor;
				CODE_SIGN_ENTITLEMENTS = "mlx-swift-chat/App.entitlements";
				CODE_SIGN_STYLE = Automatic;
				CURRENT_PROJECT_VERSION = 1;
				DEAD_CODE_STRIPPING = YES;
				DEVELOPMENT_TEAM = 6PPLU9GFJ6;
				EAGER_LINKING = YES;
				ENABLE_HARDENED_RUNTIME = YES;
				ENABLE_PREVIEWS = YES;
				GENERATE_INFOPLIST_FILE = YES;
				"INFOPLIST_KEY_UIApplicationSceneManifest_Generation[sdk=iphoneos*]" = YES;
				"INFOPLIST_KEY_UIApplicationSceneManifest_Generation[sdk=iphonesimulator*]" = YES;
				"INFOPLIST_KEY_UIApplicationSupportsIndirectInputEvents[sdk=iphoneos*]" = YES;
				"INFOPLIST_KEY_UIApplicationSupportsIndirectInputEvents[sdk=iphonesimulator*]" = YES;
				"INFOPLIST_KEY_UILaunchScreen_Generation[sdk=iphoneos*]" = YES;
				"INFOPLIST_KEY_UILaunchScreen_Generation[sdk=iphonesimulator*]" = YES;
				"INFOPLIST_KEY_UIStatusBarStyle[sdk=iphoneos*]" = UIStatusBarStyleDefault;
				"INFOPLIST_KEY_UIStatusBarStyle[sdk=iphonesimulator*]" = UIStatusBarStyleDefault;
				INFOPLIST_KEY_UISupportedInterfaceOrientations_iPad = "UIInterfaceOrientationPortrait UIInterfaceOrientationPortraitUpsideDown UIInterfaceOrientationLandscapeLeft UIInterfaceOrientationLandscapeRight";
				INFOPLIST_KEY_UISupportedInterfaceOrientations_iPhone = "UIInterfaceOrientationPortrait UIInterfaceOrientationLandscapeLeft UIInterfaceOrientationLandscapeRight";
				IPHONEOS_DEPLOYMENT_TARGET = 17.2;
				LD_RUNPATH_SEARCH_PATHS = "@executable_path/Frameworks";
				"LD_RUNPATH_SEARCH_PATHS[sdk=macosx*]" = "@executable_path/../Frameworks";
				MACOSX_DEPLOYMENT_TARGET = 14.0;
				MARKETING_VERSION = 1.0;
				PRODUCT_BUNDLE_IDENTIFIER = "com.ookamitai.mlx-swift-chat";
				PRODUCT_NAME = "$(TARGET_NAME)";
				SDKROOT = auto;
				SUPPORTED_PLATFORMS = "iphoneos iphonesimulator macosx";
				SWIFT_EMIT_LOC_STRINGS = YES;
				SWIFT_VERSION = 5.0;
				TARGETED_DEVICE_FAMILY = "1,2";
			};
			name = Release;
		};
/* End XCBuildConfiguration section */

/* Begin XCConfigurationList section */
		46E954B72B8D3C23009F5080 /* Build configuration list for PBXProject "mlx-swift-chat" */ = {
			isa = XCConfigurationList;
			buildConfigurations = (
				46E954C92B8D3C24009F5080 /* Debug */,
				46E954CA2B8D3C24009F5080 /* Release */,
			);
			defaultConfigurationIsVisible = 0;
			defaultConfigurationName = Release;
		};
		46E954CB2B8D3C24009F5080 /* Build configuration list for PBXNativeTarget "mlx-swift-chat" */ = {
			isa = XCConfigurationList;
			buildConfigurations = (
				46E954CC2B8D3C24009F5080 /* Debug */,
				46E954CD2B8D3C24009F5080 /* Release */,
			);
			defaultConfigurationIsVisible = 0;
			defaultConfigurationName = Release;
		};
/* End XCConfigurationList section */

/* Begin XCRemoteSwiftPackageReference section */
		4686589F2B8D507600FA7EA9 /* XCRemoteSwiftPackageReference "CompactSlider" */ = {
			isa = XCRemoteSwiftPackageReference;
			repositoryURL = "https://github.com/buh/CompactSlider";
			requirement = {
				kind = upToNextMajorVersion;
				minimumVersion = 1.1.5;
			};
		};
		469CCBFA2B93C08B00E229F7 /* XCRemoteSwiftPackageReference "SwiftUIX" */ = {
			isa = XCRemoteSwiftPackageReference;
			repositoryURL = "https://github.com/SwiftUIX/SwiftUIX";
			requirement = {
				branch = master;
				kind = branch;
			};
		};
		46E954CE2B8D3C65009F5080 /* XCRemoteSwiftPackageReference "mlx-swift" */ = {
			isa = XCRemoteSwiftPackageReference;
			repositoryURL = "https://github.com/ml-explore/mlx-swift";
			requirement = {
				branch = main;
				kind = branch;
			};
		};
/* End XCRemoteSwiftPackageReference section */

/* Begin XCSwiftPackageProductDependency section */
		46623B082B944E890005B063 /* MLXLLM */ = {
			isa = XCSwiftPackageProductDependency;
			productName = MLXLLM;
		};
		468658A02B8D507600FA7EA9 /* CompactSlider */ = {
			isa = XCSwiftPackageProductDependency;
			package = 4686589F2B8D507600FA7EA9 /* XCRemoteSwiftPackageReference "CompactSlider" */;
			productName = CompactSlider;
		};
		469CCBFB2B93C08B00E229F7 /* SwiftUIX */ = {
			isa = XCSwiftPackageProductDependency;
			package = 469CCBFA2B93C08B00E229F7 /* XCRemoteSwiftPackageReference "SwiftUIX" */;
			productName = SwiftUIX;
		};
/* End XCSwiftPackageProductDependency section */
	};
	rootObject = 46E954B42B8D3C23009F5080 /* Project object */;
}
